schema: '2.0'
stages:
  extract_data:
    cmd: python src/data/data_collection.py
    deps:
    - path: data/raw/zipped/transactions.zip
      hash: md5
      md5: 3e92ff602647ef6130867b433a410316
      size: 30522086
    - path: src/data/data_collection.py
      hash: md5
      md5: fc38a66e155702b1ac3ffcb1aba678ea
      size: 1400
    outs:
    - path: data/raw/extracted/
      hash: md5
      md5: 157f6021c8e5607288368a8b8a44341b.dir
      size: 609937737
      nfiles: 1
  data_processing:
    cmd: python src/data/data_processing.py
    deps:
    - path: data/raw/extracted/transactions.txt
      hash: md5
      md5: 00ae682514a9351e13a92c2da4343e3e
      size: 609937737
    - path: src/data/data_processing.py
      hash: md5
      md5: 52ad0941cd1fb2bc8652f7583f66b5ec
      size: 16325
    outs:
    - path: data/inprogress/interim_transactions.csv
      hash: md5
      md5: 74f5c48e91397ba42830970547e3983c
      size: 144399496
    - path: data/inprogress/interim_transactions.h5
      hash: md5
      md5: 3633fd730e60b7d00f9c5b5a396a51e2
      size: 177546777
    - path: reports/data_exploration.txt
      hash: md5
      md5: 889f4e5597bfbb710bb1a4e657b64041
      size: 17504
    - path: reports/data_processing_metrics.json
      hash: md5
      md5: b781b5c4d245f09f824b9862d1430bce
      size: 3729
    - path: reports/preprocess_n_analysis.txt
      hash: md5
      md5: b953424ae854500ead274360fa1a465c
      size: 2182
    - path: reports/processing_summary.json
      hash: md5
      md5: aba88940b8e76be6ee6b10a7bec679cb
      size: 327
